
Microsoft Visual Studio Solution File, Format Version 12.00
# Visual Studio 14
VisualStudioVersion = 14.0.23107.0
MinimumVisualStudioVersion = 10.0.40219.1
Project("{FAE04EC0-301F-11D3-BF4B-00C04F79EFBC}") = "RandomNumber.Console", "RandomNumber\RandomNumber.Console.csproj", "{74B681E3-CD61-4EB7-9505-A8C2340CEBA1}"
EndProject
Project("{FAE04EC0-301F-11D3-BF4B-00C04F79EFBC}") = "lib", "lib\lib.csproj", "{42D72F7A-E9D8-4A82-9CD1-16C5492039E5}"
EndProject
Project("{FAE04EC0-301F-11D3-BF4B-00C04F79EFBC}") = "HashingAlgorithms.Console", "HashingAlgorithms.Console\HashingAlgorithms.Console.csproj", "{0285F91D-D551-4E07-9EFD-71381CB3CDD9}"
EndProject
Project("{FAE04EC0-301F-11D3-BF4B-00C04F79EFBC}") = "HMAC.Tests", "HMAC.Tests\HMAC.Tests.csproj", "{DBAF5609-842A-4150-86BF-335513A142A7}"
EndProject
Project("{2150E333-8FDC-42A3-9474-1A3956D46DE8}") = "Notes", "Notes", "{580E7280-D967-4811-90A6-06D1DEC42740}"
	ProjectSection(SolutionItems) = preProject
		..\..\..\..\Users\asgupta\Desktop\Showing the output in test results.png = ..\..\..\..\Users\asgupta\Desktop\Showing the output in test results.png
	EndProjectSection
EndProject
Project("{FAE04EC0-301F-11D3-BF4B-00C04F79EFBC}") = "PBKDF2.Console", "PBKDF2.Console\PBKDF2.Console.csproj", "{AC3F88CA-101D-4694-AA31-B7F81C5C9C59}"
EndProject
Global
	GlobalSection(SolutionConfigurationPlatforms) = preSolution
		Debug|Any CPU = Debug|Any CPU
		Release|Any CPU = Release|Any CPU
	EndGlobalSection
	GlobalSection(ProjectConfigurationPlatforms) = postSolution
		{74B681E3-CD61-4EB7-9505-A8C2340CEBA1}.Debug|Any CPU.ActiveCfg = Debug|Any CPU
		{74B681E3-CD61-4EB7-9505-A8C2340CEBA1}.Debug|Any CPU.Build.0 = Debug|Any CPU
		{74B681E3-CD61-4EB7-9505-A8C2340CEBA1}.Release|Any CPU.ActiveCfg = Release|Any CPU
		{74B681E3-CD61-4EB7-9505-A8C2340CEBA1}.Release|Any CPU.Build.0 = Release|Any CPU
		{42D72F7A-E9D8-4A82-9CD1-16C5492039E5}.Debug|Any CPU.ActiveCfg = Debug|Any CPU
		{42D72F7A-E9D8-4A82-9CD1-16C5492039E5}.Debug|Any CPU.Build.0 = Debug|Any CPU
		{42D72F7A-E9D8-4A82-9CD1-16C5492039E5}.Release|Any CPU.ActiveCfg = Release|Any CPU
		{42D72F7A-E9D8-4A82-9CD1-16C5492039E5}.Release|Any CPU.Build.0 = Release|Any CPU
		{0285F91D-D551-4E07-9EFD-71381CB3CDD9}.Debug|Any CPU.ActiveCfg = Debug|Any CPU
		{0285F91D-D551-4E07-9EFD-71381CB3CDD9}.Debug|Any CPU.Build.0 = Debug|Any CPU
		{0285F91D-D551-4E07-9EFD-71381CB3CDD9}.Release|Any CPU.ActiveCfg = Release|Any CPU
		{0285F91D-D551-4E07-9EFD-71381CB3CDD9}.Release|Any CPU.Build.0 = Release|Any CPU
		{DBAF5609-842A-4150-86BF-335513A142A7}.Debug|Any CPU.ActiveCfg = Debug|Any CPU
		{DBAF5609-842A-4150-86BF-335513A142A7}.Debug|Any CPU.Build.0 = Debug|Any CPU
		{DBAF5609-842A-4150-86BF-335513A142A7}.Release|Any CPU.ActiveCfg = Release|Any CPU
		{DBAF5609-842A-4150-86BF-335513A142A7}.Release|Any CPU.Build.0 = Release|Any CPU
		{AC3F88CA-101D-4694-AA31-B7F81C5C9C59}.Debug|Any CPU.ActiveCfg = Debug|Any CPU
		{AC3F88CA-101D-4694-AA31-B7F81C5C9C59}.Debug|Any CPU.Build.0 = Debug|Any CPU
		{AC3F88CA-101D-4694-AA31-B7F81C5C9C59}.Release|Any CPU.ActiveCfg = Release|Any CPU
		{AC3F88CA-101D-4694-AA31-B7F81C5C9C59}.Release|Any CPU.Build.0 = Release|Any CPU
	EndGlobalSection
	GlobalSection(SolutionProperties) = preSolution
		HideSolutionNode = FALSE
	EndGlobalSection
EndGlobal
